dependencies:
- name: redis
  repository: https://charts.bitnami.com/bitnami
  version: 15.6.8
- name: postgresql
  repository: https://charts.bitnami.com/bitnami
  version: 11.1.19
digest: sha256:13a9cc97221c39236018a2805088a88a50786a07250d47de86d8ed289056e5a3
generated: "2022-04-16T11:04:57.678547+02:00"
